{
  "name": "@ethiclab/vue-auth0",
  "version": "1.0.1",
  "lockfileVersion": 1,
  "requires": true,
  "dependencies": {
    "@auth0/auth0-spa-js": {
      "version": "1.3.1",
      "resolved": "https://registry.npmjs.org/@auth0/auth0-spa-js/-/auth0-spa-js-1.3.1.tgz",
      "integrity": "sha512-3hCUmhzlS6oA7SEE1reR8ne4fC5BG1+eS6BeGbuZhpHr0KgaYkzIzjzZxkf+RqibZgtiLrpLx+TeahAzGbNsmg==",
      "requires": {
        "core-js": "^3.2.1",
        "es-cookie": "^1.2.0",
        "fast-text-encoding": "^1.0.0",
        "promise-polyfill": "^8.1.3",
        "unfetch": "^4.1.0"
      }
    },
    "core-js": {
      "version": "3.3.2",
      "resolved": "https://registry.npmjs.org/core-js/-/core-js-3.3.2.tgz",
      "integrity": "sha512-S1FfZpeBchkhyoY76YAdFzKS4zz9aOK7EeFaNA2aJlyXyA+sgqz6xdxmLPGXEAf0nF44MVN1kSjrA9Kt3ATDQg=="
    },
    "es-cookie": {
      "version": "1.2.0",
      "resolved": "https://registry.npmjs.org/es-cookie/-/es-cookie-1.2.0.tgz",
      "integrity": "sha512-Rq23x7fV2NRhDbYHA+ebMUHJGyrHWtLd+xFoQ+Tq5kpsAv6FmqpC/SFdDpFJWiwNW7XUhG3GDxVKymDz7KxSRQ=="
    },
    "fast-text-encoding": {
      "version": "1.0.0",
      "resolved": "https://registry.npmjs.org/fast-text-encoding/-/fast-text-encoding-1.0.0.tgz",
      "integrity": "sha512-R9bHCvweUxxwkDwhjav5vxpFvdPGlVngtqmx4pIZfSUhM/Q4NiIUHB456BAf+Q1Nwu3HEZYONtu+Rya+af4jiQ=="
    },
    "promise-polyfill": {
      "version": "8.1.3",
      "resolved": "https://registry.npmjs.org/promise-polyfill/-/promise-polyfill-8.1.3.tgz",
      "integrity": "sha512-MG5r82wBzh7pSKDRa9y+vllNHz3e3d4CNj1PQE4BQYxLme0gKYYBm9YENq+UkEikyZ0XbiGWxYlVw3Rl9O/U8g=="
    },
    "unfetch": {
      "version": "4.1.0",
      "resolved": "https://registry.npmjs.org/unfetch/-/unfetch-4.1.0.tgz",
      "integrity": "sha512-crP/n3eAPUJxZXM9T80/yv0YhkTEx2K1D3h7D1AJM6fzsWZrxdyRuLN0JH/dkZh1LNH8LxCnBzoPFCPbb2iGpg=="
    }
  }
}
